
Microsoft Visual Studio Solution File, Format Version 12.00
# Visual Studio 15
VisualStudioVersion = 15.0.28307.421
MinimumVisualStudioVersion = 10.0.40219.1
Project("{9A19103F-16F7-4668-BE54-9A1E7A4F7556}") = "LibraryManagement", "LibraryManagement\LibraryManagement.csproj", "{FDAEE8E4-53C3-4548-9FD8-4F414565B5FF}"
EndProject
Global
	GlobalSection(SolutionConfigurationPlatforms) = preSolution
		Debug|Any CPU = Debug|Any CPU
		Release|Any CPU = Release|Any CPU
	EndGlobalSection
	GlobalSection(ProjectConfigurationPlatforms) = postSolution
		{FDAEE8E4-53C3-4548-9FD8-4F414565B5FF}.Debug|Any CPU.ActiveCfg = Debug|Any CPU
		{FDAEE8E4-53C3-4548-9FD8-4F414565B5FF}.Debug|Any CPU.Build.0 = Debug|Any CPU
		{FDAEE8E4-53C3-4548-9FD8-4F414565B5FF}.Release|Any CPU.ActiveCfg = Release|Any CPU
		{FDAEE8E4-53C3-4548-9FD8-4F414565B5FF}.Release|Any CPU.Build.0 = Release|Any CPU
	EndGlobalSection
	GlobalSection(SolutionProperties) = preSolution
		HideSolutionNode = FALSE
	EndGlobalSection
	GlobalSection(ExtensibilityGlobals) = postSolution
		SolutionGuid = {069DF4A9-DA47-4762-BA78-43D985D439EF}
	EndGlobalSection
EndGlobal
